# THIS IS AN AUTOGENERATED FILE. DO NOT EDIT THIS FILE DIRECTLY.
# yarn lockfile v1


three-outlinepass@^1.2.0:
  version "1.2.0"
  resolved "https://registry.yarnpkg.com/three-outlinepass/-/three-outlinepass-1.2.0.tgz#9cd702e0a06e794f86312b6dc8227c99cede8ca6"
  integrity sha512-xCEmmf4IZsixXi5Hl14qULk2D9CMEbPg6ZjGBWr5oAk+6K3ZILBNRKXEEcOcdPvZgRtHz/fw1MUFgxbwPAnVQA==
